
Microsoft Visual Studio Solution File, Format Version 12.00
# Visual Studio 14
VisualStudioVersion = 14.0.25420.1
MinimumVisualStudioVersion = 10.0.40219.1
Project("{2150E333-8FDC-42A3-9474-1A3956D46DE8}") = "DataLayer", "DataLayer", "{DB429162-E5D1-4556-9535-53D81F0EAD2B}"
EndProject
Project("{2150E333-8FDC-42A3-9474-1A3956D46DE8}") = "ServiceLayer", "ServiceLayer", "{D48BC796-3932-46B3-AD6E-9077570EEAD1}"
EndProject
Project("{2150E333-8FDC-42A3-9474-1A3956D46DE8}") = "PresentationLayer", "PresentationLayer", "{E59F1CF3-C1EE-4A7F-BE1B-B4491B7EAC02}"
EndProject
Project("{2150E333-8FDC-42A3-9474-1A3956D46DE8}") = "Bootstrapper", "Bootstrapper", "{5CE466A2-FF43-45EE-84F8-9C6135279630}"
EndProject
Project("{2150E333-8FDC-42A3-9474-1A3956D46DE8}") = "Tests", "Tests", "{E3F66CB8-7813-491E-AFF8-F54849759AB6}"
EndProject
Project("{2150E333-8FDC-42A3-9474-1A3956D46DE8}") = "Models", "Models", "{25BFFCA6-37C7-4F2A-B3AC-0174DBC911A9}"
EndProject
Project("{FAE04EC0-301F-11D3-BF4B-00C04F79EFBC}") = "Courses.Web", "Courses.Web\Courses.Web.csproj", "{BFE6F9DA-2AE2-4EAF-9B5A-D1EC4057239F}"
EndProject
Project("{FAE04EC0-301F-11D3-BF4B-00C04F79EFBC}") = "Courses.Web.Tests", "Courses.Web.Tests\Courses.Web.Tests.csproj", "{5C08E48C-BD38-425B-A719-CF8BF20AE366}"
EndProject
Global
	GlobalSection(SolutionConfigurationPlatforms) = preSolution
		Debug|Any CPU = Debug|Any CPU
		Release|Any CPU = Release|Any CPU
	EndGlobalSection
	GlobalSection(ProjectConfigurationPlatforms) = postSolution
		{BFE6F9DA-2AE2-4EAF-9B5A-D1EC4057239F}.Debug|Any CPU.ActiveCfg = Debug|Any CPU
		{BFE6F9DA-2AE2-4EAF-9B5A-D1EC4057239F}.Debug|Any CPU.Build.0 = Debug|Any CPU
		{BFE6F9DA-2AE2-4EAF-9B5A-D1EC4057239F}.Release|Any CPU.ActiveCfg = Release|Any CPU
		{BFE6F9DA-2AE2-4EAF-9B5A-D1EC4057239F}.Release|Any CPU.Build.0 = Release|Any CPU
		{5C08E48C-BD38-425B-A719-CF8BF20AE366}.Debug|Any CPU.ActiveCfg = Debug|Any CPU
		{5C08E48C-BD38-425B-A719-CF8BF20AE366}.Debug|Any CPU.Build.0 = Debug|Any CPU
		{5C08E48C-BD38-425B-A719-CF8BF20AE366}.Release|Any CPU.ActiveCfg = Release|Any CPU
		{5C08E48C-BD38-425B-A719-CF8BF20AE366}.Release|Any CPU.Build.0 = Release|Any CPU
	EndGlobalSection
	GlobalSection(SolutionProperties) = preSolution
		HideSolutionNode = FALSE
	EndGlobalSection
	GlobalSection(NestedProjects) = preSolution
		{BFE6F9DA-2AE2-4EAF-9B5A-D1EC4057239F} = {E59F1CF3-C1EE-4A7F-BE1B-B4491B7EAC02}
		{5C08E48C-BD38-425B-A719-CF8BF20AE366} = {E3F66CB8-7813-491E-AFF8-F54849759AB6}
	EndGlobalSection
EndGlobal
