
Microsoft Visual Studio Solution File, Format Version 12.00
# Visual Studio 14
VisualStudioVersion = 14.0.25420.1
MinimumVisualStudioVersion = 10.0.40219.1
Project("{2150E333-8FDC-42A3-9474-1A3956D46DE8}") = "DataLayer", "DataLayer", "{DB429162-E5D1-4556-9535-53D81F0EAD2B}"
EndProject
Project("{2150E333-8FDC-42A3-9474-1A3956D46DE8}") = "ServiceLayer", "ServiceLayer", "{D48BC796-3932-46B3-AD6E-9077570EEAD1}"
EndProject
Project("{2150E333-8FDC-42A3-9474-1A3956D46DE8}") = "PresentationLayer", "PresentationLayer", "{E59F1CF3-C1EE-4A7F-BE1B-B4491B7EAC02}"
EndProject
Project("{2150E333-8FDC-42A3-9474-1A3956D46DE8}") = "Bootstrapper", "Bootstrapper", "{5CE466A2-FF43-45EE-84F8-9C6135279630}"
EndProject
Project("{2150E333-8FDC-42A3-9474-1A3956D46DE8}") = "Tests", "Tests", "{E3F66CB8-7813-491E-AFF8-F54849759AB6}"
EndProject
Project("{2150E333-8FDC-42A3-9474-1A3956D46DE8}") = "Models", "Models", "{25BFFCA6-37C7-4F2A-B3AC-0174DBC911A9}"
EndProject
Project("{FAE04EC0-301F-11D3-BF4B-00C04F79EFBC}") = "Courses.Web", "Courses.Web\Courses.Web.csproj", "{BFE6F9DA-2AE2-4EAF-9B5A-D1EC4057239F}"
EndProject
Project("{FAE04EC0-301F-11D3-BF4B-00C04F79EFBC}") = "Courses.Web.Tests", "Courses.Web.Tests\Courses.Web.Tests.csproj", "{5C08E48C-BD38-425B-A719-CF8BF20AE366}"
EndProject
Project("{FAE04EC0-301F-11D3-BF4B-00C04F79EFBC}") = "Models", "Models\Models.csproj", "{B1A87A1B-83DA-4105-B2BF-615BD9151E1E}"
EndProject
Project("{FAE04EC0-301F-11D3-BF4B-00C04F79EFBC}") = "DataLayer.Interfaces", "DataLayer.Interfaces\DataLayer.Interfaces.csproj", "{77A310B4-E9CA-4534-A0BC-0D8577AC9457}"
EndProject
Project("{FAE04EC0-301F-11D3-BF4B-00C04F79EFBC}") = "DataLayer", "DataLayer\DataLayer.csproj", "{F227031B-9477-4547-9894-27F2A3EDEA86}"
EndProject
Project("{FAE04EC0-301F-11D3-BF4B-00C04F79EFBC}") = "Courses.DataLayer.Tests", "Courses.DataLayer.Tests\Courses.DataLayer.Tests.csproj", "{ED352DB2-2F0F-4AFC-A6B8-7AB469D18F6C}"
EndProject
Project("{FAE04EC0-301F-11D3-BF4B-00C04F79EFBC}") = "ServiceLayer.Interfaces", "ServiceLayer.Interfaces\ServiceLayer.Interfaces.csproj", "{29605E63-3541-499E-954A-9F070204348F}"
EndProject
Project("{FAE04EC0-301F-11D3-BF4B-00C04F79EFBC}") = "ServiceLayer", "ServiceLayer\ServiceLayer.csproj", "{D26443CE-E472-4CDC-A5BD-605C9D95768C}"
EndProject
Project("{FAE04EC0-301F-11D3-BF4B-00C04F79EFBC}") = "Courses.ServiceLayer.Tests", "Courses.ServiceLayer.Tests\Courses.ServiceLayer.Tests.csproj", "{48D5D809-1F85-412A-8EBA-33495C4BA7D5}"
EndProject
Project("{FAE04EC0-301F-11D3-BF4B-00C04F79EFBC}") = "Bootstrapper", "Bootstrapper\Bootstrapper.csproj", "{011EA49A-EF56-4B92-A7F0-BDDFAFE87F59}"
EndProject
Global
	GlobalSection(SolutionConfigurationPlatforms) = preSolution
		Debug|Any CPU = Debug|Any CPU
		Release|Any CPU = Release|Any CPU
	EndGlobalSection
	GlobalSection(ProjectConfigurationPlatforms) = postSolution
		{BFE6F9DA-2AE2-4EAF-9B5A-D1EC4057239F}.Debug|Any CPU.ActiveCfg = Debug|Any CPU
		{BFE6F9DA-2AE2-4EAF-9B5A-D1EC4057239F}.Debug|Any CPU.Build.0 = Debug|Any CPU
		{BFE6F9DA-2AE2-4EAF-9B5A-D1EC4057239F}.Release|Any CPU.ActiveCfg = Release|Any CPU
		{BFE6F9DA-2AE2-4EAF-9B5A-D1EC4057239F}.Release|Any CPU.Build.0 = Release|Any CPU
		{5C08E48C-BD38-425B-A719-CF8BF20AE366}.Debug|Any CPU.ActiveCfg = Debug|Any CPU
		{5C08E48C-BD38-425B-A719-CF8BF20AE366}.Debug|Any CPU.Build.0 = Debug|Any CPU
		{5C08E48C-BD38-425B-A719-CF8BF20AE366}.Release|Any CPU.ActiveCfg = Release|Any CPU
		{5C08E48C-BD38-425B-A719-CF8BF20AE366}.Release|Any CPU.Build.0 = Release|Any CPU
		{B1A87A1B-83DA-4105-B2BF-615BD9151E1E}.Debug|Any CPU.ActiveCfg = Debug|Any CPU
		{B1A87A1B-83DA-4105-B2BF-615BD9151E1E}.Debug|Any CPU.Build.0 = Debug|Any CPU
		{B1A87A1B-83DA-4105-B2BF-615BD9151E1E}.Release|Any CPU.ActiveCfg = Release|Any CPU
		{B1A87A1B-83DA-4105-B2BF-615BD9151E1E}.Release|Any CPU.Build.0 = Release|Any CPU
		{77A310B4-E9CA-4534-A0BC-0D8577AC9457}.Debug|Any CPU.ActiveCfg = Debug|Any CPU
		{77A310B4-E9CA-4534-A0BC-0D8577AC9457}.Debug|Any CPU.Build.0 = Debug|Any CPU
		{77A310B4-E9CA-4534-A0BC-0D8577AC9457}.Release|Any CPU.ActiveCfg = Release|Any CPU
		{77A310B4-E9CA-4534-A0BC-0D8577AC9457}.Release|Any CPU.Build.0 = Release|Any CPU
		{F227031B-9477-4547-9894-27F2A3EDEA86}.Debug|Any CPU.ActiveCfg = Debug|Any CPU
		{F227031B-9477-4547-9894-27F2A3EDEA86}.Debug|Any CPU.Build.0 = Debug|Any CPU
		{F227031B-9477-4547-9894-27F2A3EDEA86}.Release|Any CPU.ActiveCfg = Release|Any CPU
		{F227031B-9477-4547-9894-27F2A3EDEA86}.Release|Any CPU.Build.0 = Release|Any CPU
		{ED352DB2-2F0F-4AFC-A6B8-7AB469D18F6C}.Debug|Any CPU.ActiveCfg = Debug|Any CPU
		{ED352DB2-2F0F-4AFC-A6B8-7AB469D18F6C}.Debug|Any CPU.Build.0 = Debug|Any CPU
		{ED352DB2-2F0F-4AFC-A6B8-7AB469D18F6C}.Release|Any CPU.ActiveCfg = Release|Any CPU
		{ED352DB2-2F0F-4AFC-A6B8-7AB469D18F6C}.Release|Any CPU.Build.0 = Release|Any CPU
		{29605E63-3541-499E-954A-9F070204348F}.Debug|Any CPU.ActiveCfg = Debug|Any CPU
		{29605E63-3541-499E-954A-9F070204348F}.Debug|Any CPU.Build.0 = Debug|Any CPU
		{29605E63-3541-499E-954A-9F070204348F}.Release|Any CPU.ActiveCfg = Release|Any CPU
		{29605E63-3541-499E-954A-9F070204348F}.Release|Any CPU.Build.0 = Release|Any CPU
		{D26443CE-E472-4CDC-A5BD-605C9D95768C}.Debug|Any CPU.ActiveCfg = Debug|Any CPU
		{D26443CE-E472-4CDC-A5BD-605C9D95768C}.Debug|Any CPU.Build.0 = Debug|Any CPU
		{D26443CE-E472-4CDC-A5BD-605C9D95768C}.Release|Any CPU.ActiveCfg = Release|Any CPU
		{D26443CE-E472-4CDC-A5BD-605C9D95768C}.Release|Any CPU.Build.0 = Release|Any CPU
		{48D5D809-1F85-412A-8EBA-33495C4BA7D5}.Debug|Any CPU.ActiveCfg = Debug|Any CPU
		{48D5D809-1F85-412A-8EBA-33495C4BA7D5}.Debug|Any CPU.Build.0 = Debug|Any CPU
		{48D5D809-1F85-412A-8EBA-33495C4BA7D5}.Release|Any CPU.ActiveCfg = Release|Any CPU
		{48D5D809-1F85-412A-8EBA-33495C4BA7D5}.Release|Any CPU.Build.0 = Release|Any CPU
		{011EA49A-EF56-4B92-A7F0-BDDFAFE87F59}.Debug|Any CPU.ActiveCfg = Debug|Any CPU
		{011EA49A-EF56-4B92-A7F0-BDDFAFE87F59}.Debug|Any CPU.Build.0 = Debug|Any CPU
		{011EA49A-EF56-4B92-A7F0-BDDFAFE87F59}.Release|Any CPU.ActiveCfg = Release|Any CPU
		{011EA49A-EF56-4B92-A7F0-BDDFAFE87F59}.Release|Any CPU.Build.0 = Release|Any CPU
	EndGlobalSection
	GlobalSection(SolutionProperties) = preSolution
		HideSolutionNode = FALSE
	EndGlobalSection
	GlobalSection(NestedProjects) = preSolution
		{BFE6F9DA-2AE2-4EAF-9B5A-D1EC4057239F} = {E59F1CF3-C1EE-4A7F-BE1B-B4491B7EAC02}
		{5C08E48C-BD38-425B-A719-CF8BF20AE366} = {E3F66CB8-7813-491E-AFF8-F54849759AB6}
		{B1A87A1B-83DA-4105-B2BF-615BD9151E1E} = {25BFFCA6-37C7-4F2A-B3AC-0174DBC911A9}
		{77A310B4-E9CA-4534-A0BC-0D8577AC9457} = {DB429162-E5D1-4556-9535-53D81F0EAD2B}
		{F227031B-9477-4547-9894-27F2A3EDEA86} = {DB429162-E5D1-4556-9535-53D81F0EAD2B}
		{ED352DB2-2F0F-4AFC-A6B8-7AB469D18F6C} = {E3F66CB8-7813-491E-AFF8-F54849759AB6}
		{29605E63-3541-499E-954A-9F070204348F} = {D48BC796-3932-46B3-AD6E-9077570EEAD1}
		{D26443CE-E472-4CDC-A5BD-605C9D95768C} = {D48BC796-3932-46B3-AD6E-9077570EEAD1}
		{48D5D809-1F85-412A-8EBA-33495C4BA7D5} = {E3F66CB8-7813-491E-AFF8-F54849759AB6}
		{011EA49A-EF56-4B92-A7F0-BDDFAFE87F59} = {5CE466A2-FF43-45EE-84F8-9C6135279630}
	EndGlobalSection
EndGlobal
